# THIS IS AN AUTOGENERATED FILE. DO NOT EDIT THIS FILE DIRECTLY.
# yarn lockfile v1


govuk-frontend@^5.5.0:
  version "5.5.0"
  resolved "https://registry.yarnpkg.com/govuk-frontend/-/govuk-frontend-5.5.0.tgz#dfb2426788dbf570ef7d2742983bc54e68f17f34"
  integrity sha512-lNSHCOzgk6LfgelcdtJxTLK1BX/cpjCUyEB3LnzliD9o9YQckNMsbj5+jSOs2RFy6XBJ/DJqxj2TKfjBCuzpyA==
