# THIS IS AN AUTOGENERATED FILE. DO NOT EDIT THIS FILE DIRECTLY.
# yarn lockfile v1


govuk-frontend@^5.10.1:
  version "5.10.1"
  resolved "https://registry.yarnpkg.com/govuk-frontend/-/govuk-frontend-5.10.1.tgz#5534357267919e26e72cdc028bbad1906b4c9ba1"
  integrity sha512-VmzKE+pkuOqEXhit0cGqic4i2mOQwflfXDiEcsa6Lrqs//rxV5AYf+C71jbREPwQLH4wYSJAlz/GlGoO5nik7Q==
