# THIS IS AN AUTOGENERATED FILE. DO NOT EDIT THIS FILE DIRECTLY.
# yarn lockfile v1


govuk-frontend@^5.10.2:
  version "5.10.2"
  resolved "https://registry.yarnpkg.com/govuk-frontend/-/govuk-frontend-5.10.2.tgz#616465463a4aa333b01714f90aed5926ad066e6d"
  integrity sha512-eVYB2rfUCihehZFHQyylt12/OuXq2JLs+70igcrB1FmbepcDqs1XwKiq96hsPbPF9Vn2f6QXO1OatyD3bq5c9Q==
